{
  "lockfileVersion": 1,
  "configVersion": 1,
  "workspaces": {
    "": {
      "name": "loglens",
      "devDependencies": {
        "@types/bun": "^1.3.11",
        "typescript": "^5.8.0",
      },
    },
    "packages/cli": {
      "name": "@loglens/cli",
      "version": "0.0.0",
      "bin": {
        "loglens": "./src/index.ts",
      },
      "dependencies": {
        "@loglens/core": "workspace:*",
        "@loglens/parsers": "workspace:*",
        "citty": "^0.1.6",
      },
    },
    "packages/core": {
      "name": "@loglens/core",
      "version": "0.0.0",
    },
    "packages/parsers": {
      "name": "@loglens/parsers",
      "version": "0.0.0",
      "dependencies": {
        "@loglens/core": "workspace:*",
      },
    },
    "packages/sdk": {
      "name": "@loglens/sdk",
      "version": "0.0.0",
    },
  },
  "packages": {
    "@loglens/cli": ["@loglens/cli@workspace:packages/cli"],

    "@loglens/core": ["@loglens/core@workspace:packages/core"],

    "@loglens/parsers": ["@loglens/parsers@workspace:packages/parsers"],

    "@loglens/sdk": ["@loglens/sdk@workspace:packages/sdk"],

    "@types/bun": ["@types/bun@1.3.11", "", { "dependencies": { "bun-types": "1.3.11" } }, "sha512-5vPne5QvtpjGpsGYXiFyycfpDF2ECyPcTSsFBMa0fraoxiQyMJ3SmuQIGhzPg2WJuWxVBoxWJ2kClYTcw/4fAg=="],

    "@types/node": ["@types/node@25.5.0", "", { "dependencies": { "undici-types": "~7.18.0" } }, "sha512-jp2P3tQMSxWugkCUKLRPVUpGaL5MVFwF8RDuSRztfwgN1wmqJeMSbKlnEtQqU8UrhTmzEmZdu2I6v2dpp7XIxw=="],

    "bun-types": ["bun-types@1.3.11", "", { "dependencies": { "@types/node": "*" } }, "sha512-1KGPpoxQWl9f6wcZh57LvrPIInQMn2TQ7jsgxqpRzg+l0QPOFvJVH7HmvHo/AiPgwXy+/Thf6Ov3EdVn1vOabg=="],

    "citty": ["citty@0.1.6", "", { "dependencies": { "consola": "^3.2.3" } }, "sha512-tskPPKEs8D2KPafUypv2gxwJP8h/OaJmC82QQGGDQcHvXX43xF2VDACcJVmZ0EuSxkpO9Kc4MlrA3q0+FG58AQ=="],

    "consola": ["consola@3.4.2", "", {}, "sha512-5IKcdX0nnYavi6G7TtOhwkYzyjfJlatbjMjuLSfE2kYT5pMDOilZ4OvMhi637CcDICTmz3wARPoyhqyX1Y+XvA=="],

    "typescript": ["typescript@5.9.3", "", { "bin": { "tsc": "bin/tsc", "tsserver": "bin/tsserver" } }, "sha512-jl1vZzPDinLr9eUt3J/t7V6FgNEw9QjvBPdysz9KfQDD41fQrC2Y4vKQdiaUpFT4bXlb1RHhLpp8wtm6M5TgSw=="],

    "undici-types": ["undici-types@7.18.2", "", {}, "sha512-AsuCzffGHJybSaRrmr5eHr81mwJU3kjw6M+uprWvCXiNeN9SOGwQ3Jn8jb8m3Z6izVgknn1R0FTCEAP2QrLY/w=="],
  }
}
